cyphar.com/go-pathrs v0.2.4 h1:iD/mge36swa1UFKdINkr1Frkpp6wZsy3YYEildj9cLY=
cyphar.com/go-pathrs v0.2.4/go.mod h1:y8f1EMG7r+hCuFf/rXsKqMJrJAUoADZGNh5/vZPKcGc=
github.com/BurntSushi/toml v1.6.0 h1:dRaEfpa2VI55EwlIW72hMRHdWouJeRF7TPYhI+AUQjk=
github.com/BurntSushi/toml v1.6.0/go.mod h1:ukJfTF/6rtPPRCnwkur4qwRxa8vTRFBF0uk2lLoLwho=
github.com/blang/semver/v4 v4.0.0 h1:1PFHFE6yCCTv8C1TeyNNarDzntLi7wMI5i/pzqYIsAM=
github.com/blang/semver/v4 v4.0.0/go.mod h1:IbckMUScFkM3pff0VJDNKRiT6TG/YpiHIM2yvyW5YoQ=
github.com/coreos/go-systemd v0.0.0-20190719114852-fd7a80b32e1f h1:JOrtw2xFKzlg+cbHpyrpLDmnN1HqhBfnX7WDiW7eG2c=
github.com/coreos/go-systemd/v22 v22.7.0 h1:LAEzFkke61DFROc7zNLX/WA2i5J8gYqe0rSj9KI28KA=
github.com/coreos/go-systemd/v22 v22.7.0/go.mod h1:xNUYtjHu2EDXbsxz1i41wouACIwT7Ybq9o0BQhMwD0w=
github.com/cyphar/filepath-securejoin v0.6.1 h1:5CeZ1jPXEiYt3+Z6zqprSAgSWiggmpVyciv8syjIpVE=
github.com/cyphar/filepath-securejoin v0.6.1/go.mod h1:A8hd4EnAeyujCJRrICiOWqjS1AX0a9kM5XL+NwKoYSc=
github.com/docker/go-units v0.5.0 h1:69rxXcBk27SvSaaxTtLh/8llcHD8vYHT7WSdRZ/jvr4=
github.com/docker/go-units v0.5.0/go.mod h1:fgPhTUdO+D/Jk86RDLlptpiXQzgHJF7gydDDbaIK4Dk=
github.com/godbus/dbus/v5 v5.2.2 h1:TUR3TgtSVDmjiXOgAAyaZbYmIeP3DPkld3jgKGV8mXQ=
github.com/godbus/dbus/v5 v5.2.2/go.mod h1:3AAv2+hPq5rdnr5txxxRwiGjPXamgoIHgz9FPBfOp3c=
github.com/hashicorp/errwrap v1.0.0/go.mod h1:YH+1FKiLXxHSkmPseP+kNlulaMuP3n2brvKWEqk/Jc4=
github.com/hashicorp/errwrap v1.1.0 h1:OxrOeh75EUXMY8TBjag2fzXGZ40LB6IKw45YeGUDY2I=
github.com/hashicorp/errwrap v1.1.0/go.mod h1:YH+1FKiLXxHSkmPseP+kNlulaMuP3n2brvKWEqk/Jc4=
github.com/hashicorp/go-multierror v1.1.1 h1:H5DkEtf6CXdFp0N0Em5UCwQpXMWke8IA0+lD48awMYo=
github.com/hashicorp/go-multierror v1.1.1/go.mod h1:iw975J/qwKPdAO1clOe2L8331t/9/fmwbPZ6JB6eMoM=
github.com/kevinburke/ssh_config v1.5.0 h1:3cPZmE54xb5j3G5xQCjSvokqNwU2uW+3ry1+PRLSPpA=
github.com/kevinburke/ssh_config v1.5.0/go.mod h1:q2RIzfka+BXARoNexmF9gkxEX7DmvbW9P4hIVx2Kg4M=
github.com/kr/fs v0.1.0 h1:Jskdu9ieNAYnjxsi0LbQp1ulIKZV1LAFgK1tWhpZgl8=
github.com/kr/fs v0.1.0/go.mod h1:FFnZGqtBN9Gxj7eW1uZ42v5BccTP0vu6NEaFoC2HwRg=
github.com/moby/sys/capability v0.4.0 h1:4D4mI6KlNtWMCM1Z/K0i7RV1FkX+DBDHKVJpCndZoHk=
github.com/moby/sys/capability v0.4.0/go.mod h1:4g9IK291rVkms3LKCDOoYlnV8xKwoDTpIrNEE35Wq0I=
github.com/moby/sys/mountinfo v0.7.2 h1:1shs6aH5s4o5H2zQLn796ADW1wMrIwHsyJ2v9KouLrg=
github.com/moby/sys/mountinfo v0.7.2/go.mod h1:1YOa8w8Ih7uW0wALDUgT1dTTSBrZ+HiBLGws92L2RU4=
github.com/moby/sys/user v0.4.0 h1:jhcMKit7SA80hivmFJcbB1vqmw//wU61Zdui2eQXuMs=
github.com/moby/sys/user v0.4.0/go.mod h1:bG+tYYYJgaMtRKgEmuueC0hJEAZWwtIbZTB+85uoHjs=
github.com/moby/sys/userns v0.1.0 h1:tVLXkFOxVu9A64/yh59slHVv9ahO9UIev4JZusOLG/g=
github.com/moby/sys/userns v0.1.0/go.mod h1:IHUYgu/kao6N8YZlp9Cf444ySSvCmDlmzUcYfDHOl28=
github.com/opencontainers/cgroups v0.0.6 h1:tfZFWTIIGaUUFImTyuTg+Mr5x8XRiSdZESgEBW7UxuI=
github.com/opencontainers/cgroups v0.0.6/go.mod h1:oWVzJsKK0gG9SCRBfTpnn16WcGEqDI8PAcpMGbqWxcs=
github.com/opencontainers/runtime-spec v1.3.0 h1:YZupQUdctfhpZy3TM39nN9Ika5CBWT5diQ8ibYCRkxg=
github.com/opencontainers/runtime-spec v1.3.0/go.mod h1:jwyrGlmzljRJv/Fgzds9SsS/C5hL+LL3ko9hs6T5lQ0=
github.com/opencontainers/selinux v1.14.1 h1:a7XlXV/nN/l5zFP1FWZYoExpClu1QOPMfWUV2CZ8kEQ=
github.com/opencontainers/selinux v1.14.1/go.mod h1:LenyElirjUHszfxrjuFqC85HIeXZKumHcKMQtnaDlQQ=
github.com/pkg/sftp v1.13.10 h1:+5FbKNTe5Z9aspU88DPIKJ9z2KZoaGCu6Sr6kKR/5mU=
github.com/pkg/sftp v1.13.10/go.mod h1:bJ1a7uDhrX/4OII+agvy28lzRvQrmIQuaHrcI1HbeGA=
github.com/sirupsen/logrus v1.9.4 h1:TsZE7l11zFCLZnZ+teH4Umoq5BhEIfIzfRDZ1Uzql2w=
github.com/sirupsen/logrus v1.9.4/go.mod h1:ftWc9WdOfJ0a92nsE2jF5u5ZwH8Bv2zdeOC42RjbV2g=
github.com/skeema/knownhosts v1.3.2 h1:EDL9mgf4NzwMXCTfaxSD/o/a5fxDw/xL9nkU28JjdBg=
github.com/skeema/knownhosts v1.3.2/go.mod h1:bEg3iQAuw+jyiw+484wwFJoKSLwcfd7fqRy+N0QTiow=
go.podman.io/common v0.67.2-0.20260511131139-020a2274da88 h1:0ytaSrJmvHRpHqetj49y/44MVPmEuokfRp9sgF8z/M8=
go.podman.io/common v0.67.2-0.20260511131139-020a2274da88/go.mod h1:Ne6pWaxr37UyUlaVKbxMY0krZ+GmdUSymSK+Bzcg5bk=
go.podman.io/podman/v6 v6.0.0-20260513101819-64284222af1b h1:Js6356Iu2wvLguvW0XDZnvZgAetDrv0qB3Sjk6npiiI=
go.podman.io/podman/v6 v6.0.0-20260513101819-64284222af1b/go.mod h1:mcWy8RXRiPeGqA33RnrUN5j5k6Y77bWitxms5wZSOeo=
go.podman.io/storage v1.62.1-0.20260511131139-020a2274da88 h1:JakGmpJCzsJM2wOQdv+MmDaIcCvBPR4UF8nbqrou50w=
go.podman.io/storage v1.62.1-0.20260511131139-020a2274da88/go.mod h1:eZIqDigffFi9NlPezLvUVw/nsUIruaui436E5E4GmXs=
golang.org/x/crypto v0.51.0 h1:IBPXwPfKxY7cWQZ38ZCIRPI50YLeevDLlLnyC5wRGTI=
golang.org/x/crypto v0.51.0/go.mod h1:8AdwkbraGNABw2kOX6YFPs3WM22XqI4EXEd8g+x7Oc8=
golang.org/x/net v0.54.0 h1:2zJIZAxAHV/OHCDTCOHAYehQzLfSXuf/5SoL/Dv6w/w=
golang.org/x/net v0.54.0/go.mod h1:Sj4oj8jK6XmHpBZU/zWHw3BV3abl4Kvi+Ut7cQcY+cQ=
golang.org/x/sys v0.44.0 h1:ildZl3J4uzeKP07r2F++Op7E9B29JRUy+a27EibtBTQ=
golang.org/x/sys v0.44.0/go.mod h1:4GL1E5IUh+htKOUEOaiffhrAeqysfVGipDYzABqnCmw=
golang.org/x/term v0.43.0 h1:S4RLU2sB31O/NCl+zFN9Aru9A/Cq2aqKpTZJ6B+DwT4=
golang.org/x/term v0.43.0/go.mod h1:lrhlHNdQJHO+1qVYiHfFKVuVioJIheAc3fBSMFYEIsk=
tags.cncf.io/container-device-interface v1.1.0 h1:RnxNhxF1JOu6CJUVpetTYvrXHdxw9j9jFYgZpI+anSY=
tags.cncf.io/container-device-interface v1.1.0/go.mod h1:76Oj0Yqp9FwTx/pySDc8Bxjpg+VqXfDb50cKAXVJ34Q=
